// !$*UTF8*$!
{
	archiveVersion = 1;
	classes = {
	};
	objectVersion = 50;
	objects = {

/* Begin PBXBuildFile section */
		FF2F491F26AA6ACE00DDF24D /* Models.swift in Sources */ = {isa = PBXBuildFile; fileRef = FF2F491E26AA6ACE00DDF24D /* Models.swift */; };
		FF2F492626AA721700DDF24D /* style.html in Resources */ = {isa = PBXBuildFile; fileRef = FF2F492426AA721700DDF24D /* style.html */; };
		FF2F492726AA721700DDF24D /* data.json in Resources */ = {isa = PBXBuildFile; fileRef = FF2F492526AA721700DDF24D /* data.json */; };
		FF2F492926AD96D300DDF24D /* HomeViewRow.swift in Sources */ = {isa = PBXBuildFile; fileRef = FF2F492826AD96D300DDF24D /* HomeViewRow.swift */; };
		FF4AB06326D306CB00746961 /* RectangleCard.swift in Sources */ = {isa = PBXBuildFile; fileRef = FF4AB06226D306CB00746961 /* RectangleCard.swift */; };
		FF86FDD626A2981700B695F3 /* LearningApp.swift in Sources */ = {isa = PBXBuildFile; fileRef = FF86FDD526A2981700B695F3 /* LearningApp.swift */; };
		FF86FDD826A2981700B695F3 /* HomeView.swift in Sources */ = {isa = PBXBuildFile; fileRef = FF86FDD726A2981700B695F3 /* HomeView.swift */; };
		FF86FDDA26A2981900B695F3 /* Assets.xcassets in Resources */ = {isa = PBXBuildFile; fileRef = FF86FDD926A2981900B695F3 /* Assets.xcassets */; };
		FF86FDDD26A2981900B695F3 /* Preview Assets.xcassets in Resources */ = {isa = PBXBuildFile; fileRef = FF86FDDC26A2981900B695F3 /* Preview Assets.xcassets */; };
		FF86FDEA26A298DB00B695F3 /* ContentModel.swift in Sources */ = {isa = PBXBuildFile; fileRef = FF86FDE926A298DB00B695F3 /* ContentModel.swift */; };
		FFB99A3C26B6D7970048659C /* ContentView.swift in Sources */ = {isa = PBXBuildFile; fileRef = FFB99A3B26B6D7970048659C /* ContentView.swift */; };
		FFB99A3E26B6DEE00048659C /* ContentViewRow.swift in Sources */ = {isa = PBXBuildFile; fileRef = FFB99A3D26B6DEE00048659C /* ContentViewRow.swift */; };
		FFB99A4026B72AAF0048659C /* ContentDetailView.swift in Sources */ = {isa = PBXBuildFile; fileRef = FFB99A3F26B72AAF0048659C /* ContentDetailView.swift */; };
		FFB99A4326B72C8E0048659C /* AVKit.framework in Frameworks */ = {isa = PBXBuildFile; fileRef = FFB99A4226B72C8E0048659C /* AVKit.framework */; };
		FFB99A4526B72DC90048659C /* Constants.swift in Sources */ = {isa = PBXBuildFile; fileRef = FFB99A4426B72DC90048659C /* Constants.swift */; };
		FFB99A6426B81F7A0048659C /* CodeTextView.swift in Sources */ = {isa = PBXBuildFile; fileRef = FFB99A6326B81F7A0048659C /* CodeTextView.swift */; };
/* End PBXBuildFile section */

/* Begin PBXFileReference section */
		FF2F491E26AA6ACE00DDF24D /* Models.swift */ = {isa = PBXFileReference; lastKnownFileType = sourcecode.swift; path = Models.swift; sourceTree = "<group>"; };
		FF2F492426AA721700DDF24D /* style.html */ = {isa = PBXFileReference; fileEncoding = 4; lastKnownFileType = text.html; path = style.html; sourceTree = "<group>"; };
		FF2F492526AA721700DDF24D /* data.json */ = {isa = PBXFileReference; fileEncoding = 4; lastKnownFileType = text.json; path = data.json; sourceTree = "<group>"; };
		FF2F492826AD96D300DDF24D /* HomeViewRow.swift */ = {isa = PBXFileReference; lastKnownFileType = sourcecode.swift; path = HomeViewRow.swift; sourceTree = "<group>"; };
		FF4AB06226D306CB00746961 /* RectangleCard.swift */ = {isa = PBXFileReference; lastKnownFileType = sourcecode.swift; path = RectangleCard.swift; sourceTree = "<group>"; };
		FF86FDD226A2981600B695F3 /* Learning-app.app */ = {isa = PBXFileReference; explicitFileType = wrapper.application; includeInIndex = 0; path = "Learning-app.app"; sourceTree = BUILT_PRODUCTS_DIR; };
		FF86FDD526A2981700B695F3 /* LearningApp.swift */ = {isa = PBXFileReference; lastKnownFileType = sourcecode.swift; path = LearningApp.swift; sourceTree = "<group>"; };
		FF86FDD726A2981700B695F3 /* HomeView.swift */ = {isa = PBXFileReference; lastKnownFileType = sourcecode.swift; path = HomeView.swift; sourceTree = "<group>"; };
		FF86FDD926A2981900B695F3 /* Assets.xcassets */ = {isa = PBXFileReference; lastKnownFileType = folder.assetcatalog; path = Assets.xcassets; sourceTree = "<group>"; };
		FF86FDDC26A2981900B695F3 /* Preview Assets.xcassets */ = {isa = PBXFileReference; lastKnownFileType = folder.assetcatalog; path = "Preview Assets.xcassets"; sourceTree = "<group>"; };
		FF86FDDE26A2981900B695F3 /* Info.plist */ = {isa = PBXFileReference; lastKnownFileType = text.plist.xml; path = Info.plist; sourceTree = "<group>"; };
		FF86FDE926A298DB00B695F3 /* ContentModel.swift */ = {isa = PBXFileReference; lastKnownFileType = sourcecode.swift; path = ContentModel.swift; sourceTree = "<group>"; };
		FFB99A3B26B6D7970048659C /* ContentView.swift */ = {isa = PBXFileReference; lastKnownFileType = sourcecode.swift; path = ContentView.swift; sourceTree = "<group>"; };
		FFB99A3D26B6DEE00048659C /* ContentViewRow.swift */ = {isa = PBXFileReference; lastKnownFileType = sourcecode.swift; path = ContentViewRow.swift; sourceTree = "<group>"; };
		FFB99A3F26B72AAF0048659C /* ContentDetailView.swift */ = {isa = PBXFileReference; lastKnownFileType = sourcecode.swift; path = ContentDetailView.swift; sourceTree = "<group>"; };
		FFB99A4226B72C8E0048659C /* AVKit.framework */ = {isa = PBXFileReference; lastKnownFileType = wrapper.framework; name = AVKit.framework; path = System/Library/Frameworks/AVKit.framework; sourceTree = SDKROOT; };
		FFB99A4426B72DC90048659C /* Constants.swift */ = {isa = PBXFileReference; lastKnownFileType = sourcecode.swift; path = Constants.swift; sourceTree = "<group>"; };
		FFB99A6326B81F7A0048659C /* CodeTextView.swift */ = {isa = PBXFileReference; lastKnownFileType = sourcecode.swift; path = CodeTextView.swift; sourceTree = "<group>"; };
/* End PBXFileReference section */

/* Begin PBXFrameworksBuildPhase section */
		FF86FDCF26A2981600B695F3 /* Frameworks */ = {
			isa = PBXFrameworksBuildPhase;
			buildActionMask = 2147483647;
			files = (
				FFB99A4326B72C8E0048659C /* AVKit.framework in Frameworks */,
			);
			runOnlyForDeploymentPostprocessing = 0;
		};
/* End PBXFrameworksBuildPhase section */

/* Begin PBXGroup section */
		FF86FDC926A2981600B695F3 = {
			isa = PBXGroup;
			children = (
				FF86FDD426A2981700B695F3 /* Learning-app */,
				FF86FDD326A2981600B695F3 /* Products */,
				FFB99A4126B72C8E0048659C /* Frameworks */,
			);
			sourceTree = "<group>";
		};
		FF86FDD326A2981600B695F3 /* Products */ = {
			isa = PBXGroup;
			children = (
				FF86FDD226A2981600B695F3 /* Learning-app.app */,
			);
			name = Products;
			sourceTree = "<group>";
		};
		FF86FDD426A2981700B695F3 /* Learning-app */ = {
			isa = PBXGroup;
			children = (
				FF86FDD526A2981700B695F3 /* LearningApp.swift */,
				FF86FDE426A2986100B695F3 /* Views */,
				FF86FDE826A2989200B695F3 /* Helpers */,
				FF86FDE726A2988400B695F3 /* Resources */,
				FF86FDE626A2987300B695F3 /* Models */,
				FF86FDE526A2986800B695F3 /* ViewModels */,
				FF86FDD926A2981900B695F3 /* Assets.xcassets */,
				FF86FDDE26A2981900B695F3 /* Info.plist */,
				FF86FDDB26A2981900B695F3 /* Preview Content */,
			);
			path = "Learning-app";
			sourceTree = "<group>";
		};
		FF86FDDB26A2981900B695F3 /* Preview Content */ = {
			isa = PBXGroup;
			children = (
				FF86FDDC26A2981900B695F3 /* Preview Assets.xcassets */,
			);
			path = "Preview Content";
			sourceTree = "<group>";
		};
		FF86FDE426A2986100B695F3 /* Views */ = {
			isa = PBXGroup;
			children = (
				FF86FDD726A2981700B695F3 /* HomeView.swift */,
				FF2F492826AD96D300DDF24D /* HomeViewRow.swift */,
				FFB99A3B26B6D7970048659C /* ContentView.swift */,
				FFB99A3D26B6DEE00048659C /* ContentViewRow.swift */,
				FFB99A3F26B72AAF0048659C /* ContentDetailView.swift */,
				FFB99A6326B81F7A0048659C /* CodeTextView.swift */,
				FF4AB06226D306CB00746961 /* RectangleCard.swift */,
			);
			path = Views;
			sourceTree = "<group>";
		};
		FF86FDE526A2986800B695F3 /* ViewModels */ = {
			isa = PBXGroup;
			children = (
				FF86FDE926A298DB00B695F3 /* ContentModel.swift */,
			);
			path = ViewModels;
			sourceTree = "<group>";
		};
		FF86FDE626A2987300B695F3 /* Models */ = {
			isa = PBXGroup;
			children = (
				FF2F491E26AA6ACE00DDF24D /* Models.swift */,
			);
			path = Models;
			sourceTree = "<group>";
		};
		FF86FDE726A2988400B695F3 /* Resources */ = {
			isa = PBXGroup;
			children = (
				FF2F492526AA721700DDF24D /* data.json */,
				FF2F492426AA721700DDF24D /* style.html */,
				FFB99A4426B72DC90048659C /* Constants.swift */,
			);
			path = Resources;
			sourceTree = "<group>";
		};
		FF86FDE826A2989200B695F3 /* Helpers */ = {
			isa = PBXGroup;
			children = (
			);
			path = Helpers;
			sourceTree = "<group>";
		};
		FFB99A4126B72C8E0048659C /* Frameworks */ = {
			isa = PBXGroup;
			children = (
				FFB99A4226B72C8E0048659C /* AVKit.framework */,
			);
			name = Frameworks;
			sourceTree = "<group>";
		};
/* End PBXGroup section */

/* Begin PBXNativeTarget section */
		FF86FDD126A2981600B695F3 /* Learning-app */ = {
			isa = PBXNativeTarget;
			buildConfigurationList = FF86FDE126A2981900B695F3 /* Build configuration list for PBXNativeTarget "Learning-app" */;
			buildPhases = (
				FF86FDCE26A2981600B695F3 /* Sources */,
				FF86FDCF26A2981600B695F3 /* Frameworks */,
				FF86FDD026A2981600B695F3 /* Resources */,
			);
			buildRules = (
			);
			dependencies = (
			);
			name = "Learning-app";
			productName = "Learning-app";
			productReference = FF86FDD226A2981600B695F3 /* Learning-app.app */;
			productType = "com.apple.product-type.application";
		};
/* End PBXNativeTarget section */

/* Begin PBXProject section */
		FF86FDCA26A2981600B695F3 /* Project object */ = {
			isa = PBXProject;
			attributes = {
				LastSwiftUpdateCheck = 1250;
				LastUpgradeCheck = 1250;
				TargetAttributes = {
					FF86FDD126A2981600B695F3 = {
						CreatedOnToolsVersion = 12.5.1;
					};
				};
			};
			buildConfigurationList = FF86FDCD26A2981600B695F3 /* Build configuration list for PBXProject "Learning-app" */;
			compatibilityVersion = "Xcode 9.3";
			developmentRegion = en;
			hasScannedForEncodings = 0;
			knownRegions = (
				en,
				Base,
			);
			mainGroup = FF86FDC926A2981600B695F3;
			productRefGroup = FF86FDD326A2981600B695F3 /* Products */;
			projectDirPath = "";
			projectRoot = "";
			targets = (
				FF86FDD126A2981600B695F3 /* Learning-app */,
			);
		};
/* End PBXProject section */

/* Begin PBXResourcesBuildPhase section */
		FF86FDD026A2981600B695F3 /* Resources */ = {
			isa = PBXResourcesBuildPhase;
			buildActionMask = 2147483647;
			files = (
				FF2F492626AA721700DDF24D /* style.html in Resources */,
				FF86FDDD26A2981900B695F3 /* Preview Assets.xcassets in Resources */,
				FF86FDDA26A2981900B695F3 /* Assets.xcassets in Resources */,
				FF2F492726AA721700DDF24D /* data.json in Resources */,
			);
			runOnlyForDeploymentPostprocessing = 0;
		};
/* End PBXResourcesBuildPhase section */

/* Begin PBXSourcesBuildPhase section */
		FF86FDCE26A2981600B695F3 /* Sources */ = {
			isa = PBXSourcesBuildPhase;
			buildActionMask = 2147483647;
			files = (
				FF86FDD826A2981700B695F3 /* HomeView.swift in Sources */,
				FF2F492926AD96D300DDF24D /* HomeViewRow.swift in Sources */,
				FFB99A3C26B6D7970048659C /* ContentView.swift in Sources */,
				FFB99A4026B72AAF0048659C /* ContentDetailView.swift in Sources */,
				FF86FDD626A2981700B695F3 /* LearningApp.swift in Sources */,
				FFB99A3E26B6DEE00048659C /* ContentViewRow.swift in Sources */,
				FFB99A6426B81F7A0048659C /* CodeTextView.swift in Sources */,
				FF86FDEA26A298DB00B695F3 /* ContentModel.swift in Sources */,
				FF2F491F26AA6ACE00DDF24D /* Models.swift in Sources */,
				FF4AB06326D306CB00746961 /* RectangleCard.swift in Sources */,
				FFB99A4526B72DC90048659C /* Constants.swift in Sources */,
			);
			runOnlyForDeploymentPostprocessing = 0;
		};
/* End PBXSourcesBuildPhase section */

/* Begin XCBuildConfiguration section */
		FF86FDDF26A2981900B695F3 /* Debug */ = {
			isa = XCBuildConfiguration;
			buildSettings = {
				ALWAYS_SEARCH_USER_PATHS = NO;
				CLANG_ANALYZER_NONNULL = YES;
				CLANG_ANALYZER_NUMBER_OBJECT_CONVERSION = YES_AGGRESSIVE;
				CLANG_CXX_LANGUAGE_STANDARD = "gnu++14";
				CLANG_CXX_LIBRARY = "libc++";
				CLANG_ENABLE_MODULES = YES;
				CLANG_ENABLE_OBJC_ARC = YES;
				CLANG_ENABLE_OBJC_WEAK = YES;
				CLANG_WARN_BLOCK_CAPTURE_AUTORELEASING = YES;
				CLANG_WARN_BOOL_CONVERSION = YES;
				CLANG_WARN_COMMA = YES;
				CLANG_WARN_CONSTANT_CONVERSION = YES;
				CLANG_WARN_DEPRECATED_OBJC_IMPLEMENTATIONS = YES;
				CLANG_WARN_DIRECT_OBJC_ISA_USAGE = YES_ERROR;
				CLANG_WARN_DOCUMENTATION_COMMENTS = YES;
				CLANG_WARN_EMPTY_BODY = YES;
				CLANG_WARN_ENUM_CONVERSION = YES;
				CLANG_WARN_INFINITE_RECURSION = YES;
				CLANG_WARN_INT_CONVERSION = YES;
				CLANG_WARN_NON_LITERAL_NULL_CONVERSION = YES;
				CLANG_WARN_OBJC_IMPLICIT_RETAIN_SELF = YES;
				CLANG_WARN_OBJC_LITERAL_CONVERSION = YES;
				CLANG_WARN_OBJC_ROOT_CLASS = YES_ERROR;
				CLANG_WARN_QUOTED_INCLUDE_IN_FRAMEWORK_HEADER = YES;
				CLANG_WARN_RANGE_LOOP_ANALYSIS = YES;
				CLANG_WARN_STRICT_PROTOTYPES = YES;
				CLANG_WARN_SUSPICIOUS_MOVE = YES;
				CLANG_WARN_UNGUARDED_AVAILABILITY = YES_AGGRESSIVE;
				CLANG_WARN_UNREACHABLE_CODE = YES;
				CLANG_WARN__DUPLICATE_METHOD_MATCH = YES;
				COPY_PHASE_STRIP = NO;
				DEBUG_INFORMATION_FORMAT = dwarf;
				ENABLE_STRICT_OBJC_MSGSEND = YES;
				ENABLE_TESTABILITY = YES;
				GCC_C_LANGUAGE_STANDARD = gnu11;
				GCC_DYNAMIC_NO_PIC = NO;
				GCC_NO_COMMON_BLOCKS = YES;
				GCC_OPTIMIZATION_LEVEL = 0;
				GCC_PREPROCESSOR_DEFINITIONS = (
					"DEBUG=1",
					"$(inherited)",
				);
				GCC_WARN_64_TO_32_BIT_CONVERSION = YES;
				GCC_WARN_ABOUT_RETURN_TYPE = YES_ERROR;
				GCC_WARN_UNDECLARED_SELECTOR = YES;
				GCC_WARN_UNINITIALIZED_AUTOS = YES_AGGRESSIVE;
				GCC_WARN_UNUSED_FUNCTION = YES;
				GCC_WARN_UNUSED_VARIABLE = YES;
				IPHONEOS_DEPLOYMENT_TARGET = 14.5;
				MTL_ENABLE_DEBUG_INFO = INCLUDE_SOURCE;
				MTL_FAST_MATH = YES;
				ONLY_ACTIVE_ARCH = YES;
				SDKROOT = iphoneos;
				SWIFT_ACTIVE_COMPILATION_CONDITIONS = DEBUG;
				SWIFT_OPTIMIZATION_LEVEL = "-Onone";
			};
			name = Debug;
		};
		FF86FDE026A2981900B695F3 /* Release */ = {
			isa = XCBuildConfiguration;
			buildSettings = {
				ALWAYS_SEARCH_USER_PATHS = NO;
				CLANG_ANALYZER_NONNULL = YES;
				CLANG_ANALYZER_NUMBER_OBJECT_CONVERSION = YES_AGGRESSIVE;
				CLANG_CXX_LANGUAGE_STANDARD = "gnu++14";
				CLANG_CXX_LIBRARY = "libc++";
				CLANG_ENABLE_MODULES = YES;
				CLANG_ENABLE_OBJC_ARC = YES;
				CLANG_ENABLE_OBJC_WEAK = YES;
				CLANG_WARN_BLOCK_CAPTURE_AUTORELEASING = YES;
				CLANG_WARN_BOOL_CONVERSION = YES;
				CLANG_WARN_COMMA = YES;
				CLANG_WARN_CONSTANT_CONVERSION = YES;
				CLANG_WARN_DEPRECATED_OBJC_IMPLEMENTATIONS = YES;
				CLANG_WARN_DIRECT_OBJC_ISA_USAGE = YES_ERROR;
				CLANG_WARN_DOCUMENTATION_COMMENTS = YES;
				CLANG_WARN_EMPTY_BODY = YES;
				CLANG_WARN_ENUM_CONVERSION = YES;
				CLANG_WARN_INFINITE_RECURSION = YES;
				CLANG_WARN_INT_CONVERSION = YES;
				CLANG_WARN_NON_LITERAL_NULL_CONVERSION = YES;
				CLANG_WARN_OBJC_IMPLICIT_RETAIN_SELF = YES;
				CLANG_WARN_OBJC_LITERAL_CONVERSION = YES;
				CLANG_WARN_OBJC_ROOT_CLASS = YES_ERROR;
				CLANG_WARN_QUOTED_INCLUDE_IN_FRAMEWORK_HEADER = YES;
				CLANG_WARN_RANGE_LOOP_ANALYSIS = YES;
				CLANG_WARN_STRICT_PROTOTYPES = YES;
				CLANG_WARN_SUSPICIOUS_MOVE = YES;
				CLANG_WARN_UNGUARDED_AVAILABILITY = YES_AGGRESSIVE;
				CLANG_WARN_UNREACHABLE_CODE = YES;
				CLANG_WARN__DUPLICATE_METHOD_MATCH = YES;
				COPY_PHASE_STRIP = NO;
				DEBUG_INFORMATION_FORMAT = "dwarf-with-dsym";
				ENABLE_NS_ASSERTIONS = NO;
				ENABLE_STRICT_OBJC_MSGSEND = YES;
				GCC_C_LANGUAGE_STANDARD = gnu11;
				GCC_NO_COMMON_BLOCKS = YES;
				GCC_WARN_64_TO_32_BIT_CONVERSION = YES;
				GCC_WARN_ABOUT_RETURN_TYPE = YES_ERROR;
				GCC_WARN_UNDECLARED_SELECTOR = YES;
				GCC_WARN_UNINITIALIZED_AUTOS = YES_AGGRESSIVE;
				GCC_WARN_UNUSED_FUNCTION = YES;
				GCC_WARN_UNUSED_VARIABLE = YES;
				IPHONEOS_DEPLOYMENT_TARGET = 14.5;
				MTL_ENABLE_DEBUG_INFO = NO;
				MTL_FAST_MATH = YES;
				SDKROOT = iphoneos;
				SWIFT_COMPILATION_MODE = wholemodule;
				SWIFT_OPTIMIZATION_LEVEL = "-O";
				VALIDATE_PRODUCT = YES;
			};
			name = Release;
		};
		FF86FDE226A2981900B695F3 /* Debug */ = {
			isa = XCBuildConfiguration;
			buildSettings = {
				ASSETCATALOG_COMPILER_APPICON_NAME = AppIcon;
				ASSETCATALOG_COMPILER_GLOBAL_ACCENT_COLOR_NAME = AccentColor;
				CODE_SIGN_STYLE = Automatic;
				DEVELOPMENT_ASSET_PATHS = "\"Learning-app/Preview Content\"";
				DEVELOPMENT_TEAM = UPXJ6R7P95;
				ENABLE_PREVIEWS = YES;
				INFOPLIST_FILE = "Learning-app/Info.plist";
				IPHONEOS_DEPLOYMENT_TARGET = 14.0;
				LD_RUNPATH_SEARCH_PATHS = (
					"$(inherited)",
					"@executable_path/Frameworks",
				);
				PRODUCT_BUNDLE_IDENTIFIER = "com.codablecode.Learning-app";
				PRODUCT_NAME = "$(TARGET_NAME)";
				SWIFT_VERSION = 5.0;
				TARGETED_DEVICE_FAMILY = "1,2";
			};
			name = Debug;
		};
		FF86FDE326A2981900B695F3 /* Release */ = {
			isa = XCBuildConfiguration;
			buildSettings = {
				ASSETCATALOG_COMPILER_APPICON_NAME = AppIcon;
				ASSETCATALOG_COMPILER_GLOBAL_ACCENT_COLOR_NAME = AccentColor;
				CODE_SIGN_STYLE = Automatic;
				DEVELOPMENT_ASSET_PATHS = "\"Learning-app/Preview Content\"";
				DEVELOPMENT_TEAM = UPXJ6R7P95;
				ENABLE_PREVIEWS = YES;
				INFOPLIST_FILE = "Learning-app/Info.plist";
				IPHONEOS_DEPLOYMENT_TARGET = 14.0;
				LD_RUNPATH_SEARCH_PATHS = (
					"$(inherited)",
					"@executable_path/Frameworks",
				);
				PRODUCT_BUNDLE_IDENTIFIER = "com.codablecode.Learning-app";
				PRODUCT_NAME = "$(TARGET_NAME)";
				SWIFT_VERSION = 5.0;
				TARGETED_DEVICE_FAMILY = "1,2";
			};
			name = Release;
		};
/* End XCBuildConfiguration section */

/* Begin XCConfigurationList section */
		FF86FDCD26A2981600B695F3 /* Build configuration list for PBXProject "Learning-app" */ = {
			isa = XCConfigurationList;
			buildConfigurations = (
				FF86FDDF26A2981900B695F3 /* Debug */,
				FF86FDE026A2981900B695F3 /* Release */,
			);
			defaultConfigurationIsVisible = 0;
			defaultConfigurationName = Release;
		};
		FF86FDE126A2981900B695F3 /* Build configuration list for PBXNativeTarget "Learning-app" */ = {
			isa = XCConfigurationList;
			buildConfigurations = (
				FF86FDE226A2981900B695F3 /* Debug */,
				FF86FDE326A2981900B695F3 /* Release */,
			);
			defaultConfigurationIsVisible = 0;
			defaultConfigurationName = Release;
		};
/* End XCConfigurationList section */
	};
	rootObject = FF86FDCA26A2981600B695F3 /* Project object */;
}
